
Microsoft Visual Studio Solution File, Format Version 12.00
# Visual Studio 2012
Project("{8BC9CEB8-8B4A-11D0-8D11-00A0C91BC942}") = "gistograma", "gistograma\gistograma.vcxproj", "{D37A1FB1-5630-4FF9-82A5-9391D3D4A68F}"
EndProject
Global
	GlobalSection(SolutionConfigurationPlatforms) = preSolution
		Debug|Win32 = Debug|Win32
		Release|Win32 = Release|Win32
	EndGlobalSection
	GlobalSection(ProjectConfigurationPlatforms) = postSolution
		{D37A1FB1-5630-4FF9-82A5-9391D3D4A68F}.Debug|Win32.ActiveCfg = Debug|Win32
		{D37A1FB1-5630-4FF9-82A5-9391D3D4A68F}.Debug|Win32.Build.0 = Debug|Win32
		{D37A1FB1-5630-4FF9-82A5-9391D3D4A68F}.Release|Win32.ActiveCfg = Release|Win32
		{D37A1FB1-5630-4FF9-82A5-9391D3D4A68F}.Release|Win32.Build.0 = Release|Win32
	EndGlobalSection
	GlobalSection(SolutionProperties) = preSolution
		HideSolutionNode = FALSE
	EndGlobalSection
EndGlobal
