
Microsoft Visual Studio Solution File, Format Version 12.00
# Visual Studio 2012
Project("{8BC9CEB8-8B4A-11D0-8D11-00A0C91BC942}") = "strcat", "strcat\strcat.vcxproj", "{53153022-BF72-4AA7-BE48-317CFD301E17}"
EndProject
Global
	GlobalSection(SolutionConfigurationPlatforms) = preSolution
		Debug|Win32 = Debug|Win32
		Release|Win32 = Release|Win32
	EndGlobalSection
	GlobalSection(ProjectConfigurationPlatforms) = postSolution
		{53153022-BF72-4AA7-BE48-317CFD301E17}.Debug|Win32.ActiveCfg = Debug|Win32
		{53153022-BF72-4AA7-BE48-317CFD301E17}.Debug|Win32.Build.0 = Debug|Win32
		{53153022-BF72-4AA7-BE48-317CFD301E17}.Release|Win32.ActiveCfg = Release|Win32
		{53153022-BF72-4AA7-BE48-317CFD301E17}.Release|Win32.Build.0 = Release|Win32
	EndGlobalSection
	GlobalSection(SolutionProperties) = preSolution
		HideSolutionNode = FALSE
	EndGlobalSection
EndGlobal
